# This file is autogenerated, do not edit; changes may be undone by the next 'dep ensure'.


[[projects]]
  digest = "1:15eeff691769c57b13d1ca123f68ee999c09459521a7f85b2d550b0c8799d1f6"
  name = "github.com/caarlos0/env"
  packages = ["."]
  pruneopts = "UT"
  revision = "eeded103adb24d205a399e1450d42ea0abb18457"
  version = "v6.3.0"

[[projects]]
  digest = "1:0a2260bcfa15237979ef496f03fb6af215c247ad998881a4d039992228876ae3"
  name = "github.com/go-pg/pg"
  packages = [
    ".",
    "internal",
    "internal/parser",
    "internal/pool",
    "orm",
    "types",
  ]
  pruneopts = "UT"
  revision = "ae5d5e7df4b2e598390e10b66b849c6af94f092b"
  version = "v6.15.1"

[[projects]]
  digest = "1:e20a9d6598878d629e04541d96076bf232c1ee36f6b267c4a5dae7779f15c36a"
  name = "github.com/gogo/protobuf"
  packages = [
    "gogoproto",
    "proto",
    "protoc-gen-gogo/descriptor",
  ]
  pruneopts = "UT"
  revision = "5628607bb4c51c3157aacc3a50f0ab707582b805"
  version = "v1.3.1"

[[projects]]
  digest = "1:fb39a574fbc3230a6a93530aa17215c6b79049a0a2d30b6d19db6f809a6e56f0"
  name = "github.com/google/wire"
  packages = ["."]
  pruneopts = "UT"
  revision = "89cb901fdf9dfcf4292cbfe0c9ac90d98213be68"
  version = "v0.3.0"

[[projects]]
  digest = "1:25ebe6496abb289ef977c081b2d49f56dd97c32db4ca083d37f95923909ced02"
  name = "github.com/gorilla/mux"
  packages = ["."]
  pruneopts = "UT"
  revision = "75dcda0896e109a2a22c9315bca3bb21b87b2ba5"
  version = "v1.7.4"

[[projects]]
  digest = "1:01ed62f8f4f574d8aff1d88caee113700a2b44c42351943fa73cc1808f736a50"
  name = "github.com/jinzhu/inflection"
  packages = ["."]
  pruneopts = "UT"
  revision = "f5c5f50e6090ae76a29240b61ae2a90dd810112e"
  version = "v1.0.0"

[[projects]]
  branch = "master"
  digest = "1:833e360665aed0fee041fbe8099ffc532cb3b250f430d6669e4ac772c3859268"
  name = "github.com/juju/errors"
  packages = ["."]
  pruneopts = "UT"
  revision = "3fe23663418fc1d724868c84f21b7519bbac7441"

[[projects]]
  digest = "1:6816d079c7ce3375d9eb7e2a70a554bde83404daac7ff6d92b0fea89b529dba6"
  name = "github.com/nats-io/jwt"
  packages = ["."]
  pruneopts = "UT"
  revision = "8527407e521556b9f0253318912cc03fd84a5bbd"
  version = "v1.0.1"

[[projects]]
  digest = "1:f62b1537052fa6b95df7bdcb8715d9ff0e825cf83449c9bc4072ca559a0b0196"
  name = "github.com/nats-io/nats.go"
  packages = [
    ".",
    "encoders/builtin",
    "util",
  ]
  pruneopts = "UT"
  revision = "120703c6d80965e2f1e7a542c88dc574987b17e1"
  version = "v1.10.0"

[[projects]]
  digest = "1:a71735cd95d05d4fe72ca8a4184c49164f12a83b0ea439f2388e69e5dabb18ca"
  name = "github.com/nats-io/nkeys"
  packages = ["."]
  pruneopts = "UT"
  revision = "3653aeb9baf610b5d160bbafc89e3470a47e08c8"
  version = "v0.2.0"

[[projects]]
  digest = "1:599f3202ce0a754144ddc4be4c6df9c6ab27b1d722a63ede6b2e0c3a2cc338a8"
  name = "github.com/nats-io/nuid"
  packages = ["."]
  pruneopts = "UT"
  revision = "4b96681fa6d28dd0ab5fe79bac63b3a493d9ee94"
  version = "v1.0.1"

[[projects]]
  digest = "1:4786072b7c95cdcd722a53dfc10263fbede3663ba703023c5a111b5b9eef5331"
  name = "github.com/nats-io/stan"
  packages = ["."]
  pruneopts = "UT"
  revision = "c223adc9d9a923121774140cdd5bcc3383aa0c84"
  version = "v0.5.2"

[[projects]]
  digest = "1:e75dfd01c89e4542e2cbb18935df0546977e742cecab802cc3b636485f57d797"
  name = "github.com/nats-io/stan.go"
  packages = ["pb"]
  pruneopts = "UT"
  revision = "5506c5c7bb4296fddaeba70058254cde531476c5"
  version = "v0.7.0"

[[projects]]
  digest = "1:19525e48b45af69339bd7c2812137dbd1e650a78fc09c7c75482e307d51aa28d"
  name = "go.uber.org/atomic"
  packages = ["."]
  pruneopts = "UT"
  revision = "845920076a298bdb984fb0f1b86052e4ca0a281c"
  version = "v1.6.0"

[[projects]]
  digest = "1:a23ddd39502ba94e2a72815a946d0edec801defcf0a0c0530d04acee1f455128"
  name = "go.uber.org/multierr"
  packages = ["."]
  pruneopts = "UT"
  revision = "b587143a48b62b01d337824eab43700af6ffe222"
  version = "v1.5.0"

[[projects]]
  digest = "1:8e22fc6a99b3054c643f020c29a8e5c7809e75292b4960b26b60f717a201b6dc"
  name = "go.uber.org/zap"
  packages = [
    ".",
    "buffer",
    "internal/bufferpool",
    "internal/color",
    "internal/exit",
    "zapcore",
  ]
  pruneopts = "UT"
  revision = "feeb9a050b31b40eec6f2470e7599eeeadfe5bdd"
  version = "v1.15.0"

[[projects]]
  branch = "master"
  digest = "1:5cdf4eb6946922ebe638b90e548e1a86085b778d9daf0889951b39f44e6bbe6c"
  name = "golang.org/x/crypto"
  packages = [
    "ed25519",
    "ed25519/internal/edwards25519",
    "pbkdf2",
  ]
  pruneopts = "UT"
  revision = "948cd5f35899cbf089c620b3caeac9b60fa08704"

[[projects]]
  digest = "1:600b6efb13c3846a4bf584a4e9cbe5b891cd104c2fb77fc5ce3f29405290720b"
  name = "k8s.io/client-go"
  packages = ["."]
  pruneopts = "UT"
  revision = "32a6ebfbede364be10a92117004afe77f3957a3f"
  version = "v1.5.2"

[[projects]]
  digest = "1:999d566ad1ae4303c456af5a155f7b42401cca4fd33552567ed9dd997b107a08"
  name = "mellium.im/sasl"
  packages = ["."]
  pruneopts = "UT"
  revision = "e58e780e1378aa4df5dc705364ff5ae9a4dd1e04"
  version = "v0.2.1"

[solve-meta]
  analyzer-name = "dep"
  analyzer-version = 1
  input-imports = [
    "github.com/caarlos0/env",
    "github.com/go-pg/pg",
    "github.com/google/wire",
    "github.com/gorilla/mux",
    "github.com/juju/errors",
    "github.com/nats-io/nats.go",
    "github.com/nats-io/stan",
    "go.uber.org/zap",
    "k8s.io/client-go",
  ]
  solver-name = "gps-cdcl"
  solver-version = 1
